
Microsoft Visual Studio Solution File, Format Version 12.00
# Visual Studio 15
VisualStudioVersion = 15.0.28307.271
MinimumVisualStudioVersion = 10.0.40219.1
Project("{FAE04EC0-301F-11D3-BF4B-00C04F79EFBC}") = "CSDL_DT", "CSDL_DT\CSDL_DT.csproj", "{087BD0D0-CA5A-4E4D-B38E-0D40ABFDBE33}"
EndProject
Global
	GlobalSection(SolutionConfigurationPlatforms) = preSolution
		Debug|Any CPU = Debug|Any CPU
		Release|Any CPU = Release|Any CPU
	EndGlobalSection
	GlobalSection(ProjectConfigurationPlatforms) = postSolution
		{087BD0D0-CA5A-4E4D-B38E-0D40ABFDBE33}.Debug|Any CPU.ActiveCfg = Debug|Any CPU
		{087BD0D0-CA5A-4E4D-B38E-0D40ABFDBE33}.Debug|Any CPU.Build.0 = Debug|Any CPU
		{087BD0D0-CA5A-4E4D-B38E-0D40ABFDBE33}.Release|Any CPU.ActiveCfg = Release|Any CPU
		{087BD0D0-CA5A-4E4D-B38E-0D40ABFDBE33}.Release|Any CPU.Build.0 = Release|Any CPU
	EndGlobalSection
	GlobalSection(SolutionProperties) = preSolution
		HideSolutionNode = FALSE
	EndGlobalSection
	GlobalSection(ExtensibilityGlobals) = postSolution
		SolutionGuid = {F25ECD18-8187-4756-AA51-7B7EF33A01CD}
	EndGlobalSection
EndGlobal
